
Microsoft Visual Studio Solution File, Format Version 12.00
# Visual Studio Version 16
VisualStudioVersion = 16.0.31829.152
MinimumVisualStudioVersion = 10.0.40219.1
Project("{9A19103F-16F7-4668-BE54-9A1E7A4F7556}") = "battleFaceJWTAuth", "battleFaceJWTAuth\battleFaceJWTAuth.csproj", "{B3385DC4-FDDF-4A37-900E-0C2CDEF86C26}"
EndProject
Project("{00D1A9C2-B5F0-4AF3-8072-F6C62B433612}") = "battleFaceUsers", "battleFaceUsers\battleFaceUsers.sqlproj", "{E21579BC-BD6C-4A65-BBB4-D50048709506}"
EndProject
Project("{9A19103F-16F7-4668-BE54-9A1E7A4F7556}") = "battleFaceDataAccess", "battleFaceDataAccess\battleFaceDataAccess.csproj", "{53009126-66DC-4312-9D61-8F8C660ED877}"
EndProject
Global
	GlobalSection(SolutionConfigurationPlatforms) = preSolution
		Debug|Any CPU = Debug|Any CPU
		Release|Any CPU = Release|Any CPU
	EndGlobalSection
	GlobalSection(ProjectConfigurationPlatforms) = postSolution
		{B3385DC4-FDDF-4A37-900E-0C2CDEF86C26}.Debug|Any CPU.ActiveCfg = Debug|Any CPU
		{B3385DC4-FDDF-4A37-900E-0C2CDEF86C26}.Debug|Any CPU.Build.0 = Debug|Any CPU
		{B3385DC4-FDDF-4A37-900E-0C2CDEF86C26}.Release|Any CPU.ActiveCfg = Release|Any CPU
		{B3385DC4-FDDF-4A37-900E-0C2CDEF86C26}.Release|Any CPU.Build.0 = Release|Any CPU
		{E21579BC-BD6C-4A65-BBB4-D50048709506}.Debug|Any CPU.ActiveCfg = Debug|Any CPU
		{E21579BC-BD6C-4A65-BBB4-D50048709506}.Debug|Any CPU.Build.0 = Debug|Any CPU
		{E21579BC-BD6C-4A65-BBB4-D50048709506}.Debug|Any CPU.Deploy.0 = Debug|Any CPU
		{E21579BC-BD6C-4A65-BBB4-D50048709506}.Release|Any CPU.ActiveCfg = Release|Any CPU
		{E21579BC-BD6C-4A65-BBB4-D50048709506}.Release|Any CPU.Build.0 = Release|Any CPU
		{E21579BC-BD6C-4A65-BBB4-D50048709506}.Release|Any CPU.Deploy.0 = Release|Any CPU
		{53009126-66DC-4312-9D61-8F8C660ED877}.Debug|Any CPU.ActiveCfg = Debug|Any CPU
		{53009126-66DC-4312-9D61-8F8C660ED877}.Debug|Any CPU.Build.0 = Debug|Any CPU
		{53009126-66DC-4312-9D61-8F8C660ED877}.Release|Any CPU.ActiveCfg = Release|Any CPU
		{53009126-66DC-4312-9D61-8F8C660ED877}.Release|Any CPU.Build.0 = Release|Any CPU
	EndGlobalSection
	GlobalSection(SolutionProperties) = preSolution
		HideSolutionNode = FALSE
	EndGlobalSection
	GlobalSection(ExtensibilityGlobals) = postSolution
		SolutionGuid = {FE48E13E-51B5-421C-B7D8-130C8F28A598}
	EndGlobalSection
EndGlobal
